// !$*UTF8*$!
{
	archiveVersion = 1;
	classes = {
	};
	objectVersion = 70;
	objects = {

/* Begin PBXBuildFile section */
		0e5e8f66e36649c48121e5c0 /* GroundTargets.json in Resources */ = {isa = PBXBuildFile; fileRef = 4ede4131ee0346bfa3948b96 /* GroundTargets.json */; };
		1f0593c94aff435d908d1fa7 /* PointerInfoSheet.swift in Sources */ = {isa = PBXBuildFile; fileRef = 9eb8d4f71a264e528201b284 /* PointerInfoSheet.swift */; };
		2d29b844318d41a2ae9e283c /* ContentView.swift in Sources */ = {isa = PBXBuildFile; fileRef = 5755b5df937d496181cf65b3 /* ContentView.swift */; };
		2da6cdaa30f04ffc93166645 /* Assets.xcassets in Resources */ = {isa = PBXBuildFile; fileRef = bcc7b015f3654231802c9f4e /* Assets.xcassets */; };
		2eb85327fad8442dacac1347 /* LocationService.swift in Sources */ = {isa = PBXBuildFile; fileRef = 86569905754e4a41aac08048 /* LocationService.swift */; };
		536b208d9dd240fb808669b2 /* PointerApp.swift in Sources */ = {isa = PBXBuildFile; fileRef = df8921e1ddec4df49ff6b8f1 /* PointerApp.swift */; };
		813122a26a2f47a099915d5b /* CoreMotion.framework in Frameworks */ = {isa = PBXBuildFile; fileRef = 32c42799b9f84466bb702a38 /* CoreMotion.framework */; };
		82e15e0d0e23412cb6faff2b /* SceneKit.framework in Frameworks */ = {isa = PBXBuildFile; fileRef = 91c500686c4f4995b552311d /* SceneKit.framework */; };
		8701550f4d06448e9d0d3443 /* CoreLocation.framework in Frameworks */ = {isa = PBXBuildFile; fileRef = 941b793d82484e3d927bc554 /* CoreLocation.framework */; };
		9ed99728c3c4479ba5289292 /* AVFoundation.framework in Frameworks */ = {isa = PBXBuildFile; fileRef = 90e12f3f853e47c5b10415d6 /* AVFoundation.framework */; };
		A6365AB62FECD32800DAAC4E /* Pointer AR.icon in Resources */ = {isa = PBXBuildFile; fileRef = A6365AB52FECD32800DAAC4E /* Pointer AR.icon */; };
		A677C6EE2FED930F00635601 /* bg-field-and-hills.jpg in Resources */ = {isa = PBXBuildFile; fileRef = A677C6E92FED930F00635601 /* bg-field-and-hills.jpg */; };
		A677C6EF2FED930F00635601 /* bg-rolling-hills.jpg in Resources */ = {isa = PBXBuildFile; fileRef = A677C6EC2FED930F00635601 /* bg-rolling-hills.jpg */; };
		A677C6F02FED930F00635601 /* bg-golden-city.jpg in Resources */ = {isa = PBXBuildFile; fileRef = A677C6EA2FED930F00635601 /* bg-golden-city.jpg */; };
		A677C6F12FED930F00635601 /* bg-hills-and-clouds.jpg in Resources */ = {isa = PBXBuildFile; fileRef = A677C6EB2FED930F00635601 /* bg-hills-and-clouds.jpg */; };
		AA0002001234567890001CDE /* ScreenshotConfig.swift in Sources */ = {isa = PBXBuildFile; fileRef = AA0001001234567890001CDE /* ScreenshotConfig.swift */; };
		AA0004001234567890001CDE /* ScreenshotArrowView.swift in Sources */ = {isa = PBXBuildFile; fileRef = AA0003001234567890001CDE /* ScreenshotArrowView.swift */; };
		AA0006001234567890001CDE /* ScreenshotView.swift in Sources */ = {isa = PBXBuildFile; fileRef = AA0005001234567890001CDE /* ScreenshotView.swift */; };
		a1b2c3d4e5f6400182003021 /* PointerDisplaySettings.swift in Sources */ = {isa = PBXBuildFile; fileRef = a1b2c3d4e5f6400182003020 /* PointerDisplaySettings.swift */; };
		acf4b27f836d4ec1a070e2cd /* ArrowSceneView.swift in Sources */ = {isa = PBXBuildFile; fileRef = ffcd5b1871dd422ba7fa0e88 /* ArrowSceneView.swift */; };
		cbea96023cb04776b5095909 /* TargetPickerExpando.swift in Sources */ = {isa = PBXBuildFile; fileRef = 5a07aba7641a4d39927803e1 /* TargetPickerExpando.swift */; };
		d1eadbeef002400182003002 /* CelestialTargets.json in Resources */ = {isa = PBXBuildFile; fileRef = d1eadbeef001400182003001 /* CelestialTargets.json */; };
		d1eadbeef004400182003004 /* CelestialTargetsModel.swift in Sources */ = {isa = PBXBuildFile; fileRef = d1eadbeef003400182003003 /* CelestialTargetsModel.swift */; };
		d1eadbeef006400182003006 /* TopocentricAstronomy.swift in Sources */ = {isa = PBXBuildFile; fileRef = d1eadbeef005400182003005 /* TopocentricAstronomy.swift */; };
		e8c3a4b52f604d8e9b7c2d11 /* Geodesy.swift in Sources */ = {isa = PBXBuildFile; fileRef = f2a1b3c4d5e6479081726354 /* Geodesy.swift */; };
		e9a100014002400182003012 /* WorldMagneticModel.swift in Sources */ = {isa = PBXBuildFile; fileRef = e9a100014001400182003011 /* WorldMagneticModel.swift */; };
		e9a100014004400182003014 /* LunarEphemeris.swift in Sources */ = {isa = PBXBuildFile; fileRef = e9a100014003400182003013 /* LunarEphemeris.swift */; };
		e9a100014006400182003016 /* TLEKeplerPropagator.swift in Sources */ = {isa = PBXBuildFile; fileRef = e9a100014005400182003015 /* TLEKeplerPropagator.swift */; };
		e9a100014008400182003018 /* SatelliteAimServices.swift in Sources */ = {isa = PBXBuildFile; fileRef = e9a100014007400182003017 /* SatelliteAimServices.swift */; };
		e9a100014010400182003020 /* WMM_2025.COF in Resources */ = {isa = PBXBuildFile; fileRef = e9a100014009400182003019 /* WMM_2025.COF */; };
		f6c748cf9eaf473b85b4770c /* CameraPreviewView.swift in Sources */ = {isa = PBXBuildFile; fileRef = b879f2a7ae0444c7b1fdbf4e /* CameraPreviewView.swift */; };
		fd8bd5a3f0e348a3b556a2cc /* GroundTargetsModel.swift in Sources */ = {isa = PBXBuildFile; fileRef = 99a388feac7e4150afe70c22 /* GroundTargetsModel.swift */; };
/* End PBXBuildFile section */

/* Begin PBXContainerItemProxy section */
		A67E00652FEF8082006AE87C /* PBXContainerItemProxy */ = {
			isa = PBXContainerItemProxy;
			containerPortal = 724471a7ac164aee9fce8376 /* Project object */;
			proxyType = 1;
			remoteGlobalIDString = 02813c7c8c4f4265813ecb90;
			remoteInfo = "Pointer AR";
		};
/* End PBXContainerItemProxy section */

/* Begin PBXFileReference section */
		32c42799b9f84466bb702a38 /* CoreMotion.framework */ = {isa = PBXFileReference; lastKnownFileType = wrapper.framework; name = CoreMotion.framework; path = System/Library/Frameworks/CoreMotion.framework; sourceTree = SDKROOT; };
		4ede4131ee0346bfa3948b96 /* GroundTargets.json */ = {isa = PBXFileReference; lastKnownFileType = text.json; path = GroundTargets.json; sourceTree = "<group>"; };
		5755b5df937d496181cf65b3 /* ContentView.swift */ = {isa = PBXFileReference; lastKnownFileType = sourcecode.swift; path = ContentView.swift; sourceTree = "<group>"; };
		5a07aba7641a4d39927803e1 /* TargetPickerExpando.swift */ = {isa = PBXFileReference; lastKnownFileType = sourcecode.swift; path = TargetPickerExpando.swift; sourceTree = "<group>"; };
		84c1fe7ca6c641d5826150eb /* Pointer AR.app */ = {isa = PBXFileReference; explicitFileType = wrapper.application; includeInIndex = 0; path = "Pointer AR.app"; sourceTree = BUILT_PRODUCTS_DIR; };
		86569905754e4a41aac08048 /* LocationService.swift */ = {isa = PBXFileReference; lastKnownFileType = sourcecode.swift; path = LocationService.swift; sourceTree = "<group>"; };
		90e12f3f853e47c5b10415d6 /* AVFoundation.framework */ = {isa = PBXFileReference; lastKnownFileType = wrapper.framework; name = AVFoundation.framework; path = System/Library/Frameworks/AVFoundation.framework; sourceTree = SDKROOT; };
		91c500686c4f4995b552311d /* SceneKit.framework */ = {isa = PBXFileReference; lastKnownFileType = wrapper.framework; name = SceneKit.framework; path = System/Library/Frameworks/SceneKit.framework; sourceTree = SDKROOT; };
		941b793d82484e3d927bc554 /* CoreLocation.framework */ = {isa = PBXFileReference; lastKnownFileType = wrapper.framework; name = CoreLocation.framework; path = System/Library/Frameworks/CoreLocation.framework; sourceTree = SDKROOT; };
		99a388feac7e4150afe70c22 /* GroundTargetsModel.swift */ = {isa = PBXFileReference; lastKnownFileType = sourcecode.swift; path = GroundTargetsModel.swift; sourceTree = "<group>"; };
		9eb8d4f71a264e528201b284 /* PointerInfoSheet.swift */ = {isa = PBXFileReference; lastKnownFileType = sourcecode.swift; path = PointerInfoSheet.swift; sourceTree = "<group>"; };
		A6365AB52FECD32800DAAC4E /* Pointer AR.icon */ = {isa = PBXFileReference; lastKnownFileType = folder.iconcomposer.icon; path = "Pointer AR.icon"; sourceTree = "<group>"; };
		A677C6E92FED930F00635601 /* bg-field-and-hills.jpg */ = {isa = PBXFileReference; lastKnownFileType = image.jpeg; path = "bg-field-and-hills.jpg"; sourceTree = "<group>"; };
		A677C6EA2FED930F00635601 /* bg-golden-city.jpg */ = {isa = PBXFileReference; lastKnownFileType = image.jpeg; path = "bg-golden-city.jpg"; sourceTree = "<group>"; };
		A677C6EB2FED930F00635601 /* bg-hills-and-clouds.jpg */ = {isa = PBXFileReference; lastKnownFileType = image.jpeg; path = "bg-hills-and-clouds.jpg"; sourceTree = "<group>"; };
		A677C6EC2FED930F00635601 /* bg-rolling-hills.jpg */ = {isa = PBXFileReference; lastKnownFileType = image.jpeg; path = "bg-rolling-hills.jpg"; sourceTree = "<group>"; };
		A67E005F2FEF8082006AE87C /* PointerARScreenshotTests.xctest */ = {isa = PBXFileReference; explicitFileType = wrapper.cfbundle; includeInIndex = 0; path = PointerARScreenshotTests.xctest; sourceTree = BUILT_PRODUCTS_DIR; };
		AA0001001234567890001CDE /* ScreenshotConfig.swift */ = {isa = PBXFileReference; lastKnownFileType = sourcecode.swift; path = ScreenshotConfig.swift; sourceTree = "<group>"; };
		AA0003001234567890001CDE /* ScreenshotArrowView.swift */ = {isa = PBXFileReference; lastKnownFileType = sourcecode.swift; path = ScreenshotArrowView.swift; sourceTree = "<group>"; };
		AA0005001234567890001CDE /* ScreenshotView.swift */ = {isa = PBXFileReference; lastKnownFileType = sourcecode.swift; path = ScreenshotView.swift; sourceTree = "<group>"; };
		a1b2c3d4e5f6400182003020 /* PointerDisplaySettings.swift */ = {isa = PBXFileReference; lastKnownFileType = sourcecode.swift; path = PointerDisplaySettings.swift; sourceTree = "<group>"; };
		b879f2a7ae0444c7b1fdbf4e /* CameraPreviewView.swift */ = {isa = PBXFileReference; lastKnownFileType = sourcecode.swift; path = CameraPreviewView.swift; sourceTree = "<group>"; };
		bcc7b015f3654231802c9f4e /* Assets.xcassets */ = {isa = PBXFileReference; lastKnownFileType = folder.assetcatalog; path = Assets.xcassets; sourceTree = "<group>"; };
		d1eadbeef001400182003001 /* CelestialTargets.json */ = {isa = PBXFileReference; lastKnownFileType = text.json; path = CelestialTargets.json; sourceTree = "<group>"; };
		d1eadbeef003400182003003 /* CelestialTargetsModel.swift */ = {isa = PBXFileReference; lastKnownFileType = sourcecode.swift; path = CelestialTargetsModel.swift; sourceTree = "<group>"; };
		d1eadbeef005400182003005 /* TopocentricAstronomy.swift */ = {isa = PBXFileReference; lastKnownFileType = sourcecode.swift; path = TopocentricAstronomy.swift; sourceTree = "<group>"; };
		df8921e1ddec4df49ff6b8f1 /* PointerApp.swift */ = {isa = PBXFileReference; lastKnownFileType = sourcecode.swift; path = PointerApp.swift; sourceTree = "<group>"; };
		e9a100014001400182003011 /* WorldMagneticModel.swift */ = {isa = PBXFileReference; lastKnownFileType = sourcecode.swift; path = WorldMagneticModel.swift; sourceTree = "<group>"; };
		e9a100014003400182003013 /* LunarEphemeris.swift */ = {isa = PBXFileReference; lastKnownFileType = sourcecode.swift; path = LunarEphemeris.swift; sourceTree = "<group>"; };
		e9a100014005400182003015 /* TLEKeplerPropagator.swift */ = {isa = PBXFileReference; lastKnownFileType = sourcecode.swift; path = TLEKeplerPropagator.swift; sourceTree = "<group>"; };
		e9a100014007400182003017 /* SatelliteAimServices.swift */ = {isa = PBXFileReference; lastKnownFileType = sourcecode.swift; path = SatelliteAimServices.swift; sourceTree = "<group>"; };
		e9a100014009400182003019 /* WMM_2025.COF */ = {isa = PBXFileReference; lastKnownFileType = text; path = WMM_2025.COF; sourceTree = "<group>"; };
		f2a1b3c4d5e6479081726354 /* Geodesy.swift */ = {isa = PBXFileReference; lastKnownFileType = sourcecode.swift; path = Geodesy.swift; sourceTree = "<group>"; };
		ffcd5b1871dd422ba7fa0e88 /* ArrowSceneView.swift */ = {isa = PBXFileReference; lastKnownFileType = sourcecode.swift; path = ArrowSceneView.swift; sourceTree = "<group>"; };
/* End PBXFileReference section */

/* Begin PBXFileSystemSynchronizedRootGroup section */
		A67E00602FEF8082006AE87C /* PointerARScreenshotTests */ = {isa = PBXFileSystemSynchronizedRootGroup; explicitFileTypes = {}; explicitFolders = (); path = PointerARScreenshotTests; sourceTree = "<group>"; };
/* End PBXFileSystemSynchronizedRootGroup section */

/* Begin PBXFrameworksBuildPhase section */
		9f22aa77268f4c9298319426 /* Frameworks */ = {
			isa = PBXFrameworksBuildPhase;
			buildActionMask = 2147483647;
			files = (
				82e15e0d0e23412cb6faff2b /* SceneKit.framework in Frameworks */,
				813122a26a2f47a099915d5b /* CoreMotion.framework in Frameworks */,
				9ed99728c3c4479ba5289292 /* AVFoundation.framework in Frameworks */,
				8701550f4d06448e9d0d3443 /* CoreLocation.framework in Frameworks */,
			);
			runOnlyForDeploymentPostprocessing = 0;
		};
		A67E005C2FEF8082006AE87C /* Frameworks */ = {
			isa = PBXFrameworksBuildPhase;
			buildActionMask = 2147483647;
			files = (
			);
			runOnlyForDeploymentPostprocessing = 0;
		};
/* End PBXFrameworksBuildPhase section */

/* Begin PBXGroup section */
		3f81af90167e4b6f917d802f /* Pointer AR */ = {
			isa = PBXGroup;
			children = (
				A677C6ED2FED930F00635601 /* ScreenshotBackgrounds */,
				A6365AB52FECD32800DAAC4E /* Pointer AR.icon */,
				df8921e1ddec4df49ff6b8f1 /* PointerApp.swift */,
				5755b5df937d496181cf65b3 /* ContentView.swift */,
				ffcd5b1871dd422ba7fa0e88 /* ArrowSceneView.swift */,
				AA0001001234567890001CDE /* ScreenshotConfig.swift */,
				AA0003001234567890001CDE /* ScreenshotArrowView.swift */,
				AA0005001234567890001CDE /* ScreenshotView.swift */,
				b879f2a7ae0444c7b1fdbf4e /* CameraPreviewView.swift */,
				99a388feac7e4150afe70c22 /* GroundTargetsModel.swift */,
				5a07aba7641a4d39927803e1 /* TargetPickerExpando.swift */,
				86569905754e4a41aac08048 /* LocationService.swift */,
				9eb8d4f71a264e528201b284 /* PointerInfoSheet.swift */,
				a1b2c3d4e5f6400182003020 /* PointerDisplaySettings.swift */,
				f2a1b3c4d5e6479081726354 /* Geodesy.swift */,
				d1eadbeef005400182003005 /* TopocentricAstronomy.swift */,
				e9a100014001400182003011 /* WorldMagneticModel.swift */,
				e9a100014003400182003013 /* LunarEphemeris.swift */,
				e9a100014005400182003015 /* TLEKeplerPropagator.swift */,
				e9a100014007400182003017 /* SatelliteAimServices.swift */,
				d1eadbeef003400182003003 /* CelestialTargetsModel.swift */,
				bcc7b015f3654231802c9f4e /* Assets.xcassets */,
				4ede4131ee0346bfa3948b96 /* GroundTargets.json */,
				d1eadbeef001400182003001 /* CelestialTargets.json */,
				e9a100014009400182003019 /* WMM_2025.COF */,
			);
			path = "Pointer AR";
			sourceTree = "<group>";
		};
		5df5823551a3418ca6967bbf /* Products */ = {
			isa = PBXGroup;
			children = (
				84c1fe7ca6c641d5826150eb /* Pointer AR.app */,
				A67E005F2FEF8082006AE87C /* PointerARScreenshotTests.xctest */,
			);
			name = Products;
			sourceTree = "<group>";
		};
		A638926C2F95A2D10097D72B /* Recovered References */ = {
			isa = PBXGroup;
			children = (
				91c500686c4f4995b552311d /* SceneKit.framework */,
				32c42799b9f84466bb702a38 /* CoreMotion.framework */,
				90e12f3f853e47c5b10415d6 /* AVFoundation.framework */,
				941b793d82484e3d927bc554 /* CoreLocation.framework */,
			);
			name = "Recovered References";
			sourceTree = "<group>";
		};
		A677C6ED2FED930F00635601 /* ScreenshotBackgrounds */ = {
			isa = PBXGroup;
			children = (
				A677C6E92FED930F00635601 /* bg-field-and-hills.jpg */,
				A677C6EA2FED930F00635601 /* bg-golden-city.jpg */,
				A677C6EB2FED930F00635601 /* bg-hills-and-clouds.jpg */,
				A677C6EC2FED930F00635601 /* bg-rolling-hills.jpg */,
			);
			path = ScreenshotBackgrounds;
			sourceTree = "<group>";
		};
		e3cd2b697e0743e6b553dba7 = {
			isa = PBXGroup;
			children = (
				3f81af90167e4b6f917d802f /* Pointer AR */,
				A67E00602FEF8082006AE87C /* PointerARScreenshotTests */,
				5df5823551a3418ca6967bbf /* Products */,
				A638926C2F95A2D10097D72B /* Recovered References */,
			);
			sourceTree = "<group>";
		};
/* End PBXGroup section */

/* Begin PBXNativeTarget section */
		02813c7c8c4f4265813ecb90 /* Pointer AR */ = {
			isa = PBXNativeTarget;
			buildConfigurationList = 926dad36912d4e39bc0207d5 /* Build configuration list for PBXNativeTarget "Pointer AR" */;
			buildPhases = (
				583b80e6d1de47adb4a0e871 /* Sources */,
				9f22aa77268f4c9298319426 /* Frameworks */,
				e69baa63454248f88cb05c2d /* Resources */,
			);
			buildRules = (
			);
			dependencies = (
			);
			name = "Pointer AR";
			productName = Pointer;
			productReference = 84c1fe7ca6c641d5826150eb /* Pointer AR.app */;
			productType = "com.apple.product-type.application";
		};
		A67E005E2FEF8082006AE87C /* PointerARScreenshotTests */ = {
			isa = PBXNativeTarget;
			buildConfigurationList = A67E00692FEF8082006AE87C /* Build configuration list for PBXNativeTarget "PointerARScreenshotTests" */;
			buildPhases = (
				A67E005B2FEF8082006AE87C /* Sources */,
				A67E005C2FEF8082006AE87C /* Frameworks */,
				A67E005D2FEF8082006AE87C /* Resources */,
			);
			buildRules = (
			);
			dependencies = (
				A67E00662FEF8082006AE87C /* PBXTargetDependency */,
			);
			fileSystemSynchronizedGroups = (
				A67E00602FEF8082006AE87C /* PointerARScreenshotTests */,
			);
			name = PointerARScreenshotTests;
			packageProductDependencies = (
			);
			productName = PointerARScreenshotTests;
			productReference = A67E005F2FEF8082006AE87C /* PointerARScreenshotTests.xctest */;
			productType = "com.apple.product-type.bundle.ui-testing";
		};
/* End PBXNativeTarget section */

/* Begin PBXProject section */
		724471a7ac164aee9fce8376 /* Project object */ = {
			isa = PBXProject;
			attributes = {
				BuildIndependentTargetsInParallel = 1;
				LastSwiftUpdateCheck = 2660;
				LastUpgradeCheck = 2640;
				TargetAttributes = {
					02813c7c8c4f4265813ecb90 = {
						CreatedOnToolsVersion = 16.4;
					};
					A67E005E2FEF8082006AE87C = {
						CreatedOnToolsVersion = 26.6;
						TestTargetID = 02813c7c8c4f4265813ecb90;
					};
				};
			};
			buildConfigurationList = d9f9c5eeec22473eb3c2a990 /* Build configuration list for PBXProject "Pointer AR" */;
			compatibilityVersion = "Xcode 14.0";
			developmentRegion = en;
			hasScannedForEncodings = 0;
			knownRegions = (
				en,
				Base,
			);
			mainGroup = e3cd2b697e0743e6b553dba7;
			productRefGroup = 5df5823551a3418ca6967bbf /* Products */;
			projectDirPath = "";
			projectRoot = "";
			targets = (
				02813c7c8c4f4265813ecb90 /* Pointer AR */,
				A67E005E2FEF8082006AE87C /* PointerARScreenshotTests */,
			);
		};
/* End PBXProject section */

/* Begin PBXResourcesBuildPhase section */
		A67E005D2FEF8082006AE87C /* Resources */ = {
			isa = PBXResourcesBuildPhase;
			buildActionMask = 2147483647;
			files = (
			);
			runOnlyForDeploymentPostprocessing = 0;
		};
		e69baa63454248f88cb05c2d /* Resources */ = {
			isa = PBXResourcesBuildPhase;
			buildActionMask = 2147483647;
			files = (
				A677C6EE2FED930F00635601 /* bg-field-and-hills.jpg in Resources */,
				A677C6EF2FED930F00635601 /* bg-rolling-hills.jpg in Resources */,
				A677C6F02FED930F00635601 /* bg-golden-city.jpg in Resources */,
				A677C6F12FED930F00635601 /* bg-hills-and-clouds.jpg in Resources */,
				2da6cdaa30f04ffc93166645 /* Assets.xcassets in Resources */,
				A6365AB62FECD32800DAAC4E /* Pointer AR.icon in Resources */,
				0e5e8f66e36649c48121e5c0 /* GroundTargets.json in Resources */,
				d1eadbeef002400182003002 /* CelestialTargets.json in Resources */,
				e9a100014010400182003020 /* WMM_2025.COF in Resources */,
			);
			runOnlyForDeploymentPostprocessing = 0;
		};
/* End PBXResourcesBuildPhase section */

/* Begin PBXSourcesBuildPhase section */
		583b80e6d1de47adb4a0e871 /* Sources */ = {
			isa = PBXSourcesBuildPhase;
			buildActionMask = 2147483647;
			files = (
				536b208d9dd240fb808669b2 /* PointerApp.swift in Sources */,
				2d29b844318d41a2ae9e283c /* ContentView.swift in Sources */,
				acf4b27f836d4ec1a070e2cd /* ArrowSceneView.swift in Sources */,
				f6c748cf9eaf473b85b4770c /* CameraPreviewView.swift in Sources */,
				fd8bd5a3f0e348a3b556a2cc /* GroundTargetsModel.swift in Sources */,
				cbea96023cb04776b5095909 /* TargetPickerExpando.swift in Sources */,
				2eb85327fad8442dacac1347 /* LocationService.swift in Sources */,
				1f0593c94aff435d908d1fa7 /* PointerInfoSheet.swift in Sources */,
				a1b2c3d4e5f6400182003021 /* PointerDisplaySettings.swift in Sources */,
				e8c3a4b52f604d8e9b7c2d11 /* Geodesy.swift in Sources */,
				d1eadbeef004400182003004 /* CelestialTargetsModel.swift in Sources */,
				d1eadbeef006400182003006 /* TopocentricAstronomy.swift in Sources */,
				e9a100014002400182003012 /* WorldMagneticModel.swift in Sources */,
				e9a100014004400182003014 /* LunarEphemeris.swift in Sources */,
				e9a100014006400182003016 /* TLEKeplerPropagator.swift in Sources */,
				e9a100014008400182003018 /* SatelliteAimServices.swift in Sources */,
				AA0002001234567890001CDE /* ScreenshotConfig.swift in Sources */,
				AA0004001234567890001CDE /* ScreenshotArrowView.swift in Sources */,
				AA0006001234567890001CDE /* ScreenshotView.swift in Sources */,
			);
			runOnlyForDeploymentPostprocessing = 0;
		};
		A67E005B2FEF8082006AE87C /* Sources */ = {
			isa = PBXSourcesBuildPhase;
			buildActionMask = 2147483647;
			files = (
			);
			runOnlyForDeploymentPostprocessing = 0;
		};
/* End PBXSourcesBuildPhase section */

/* Begin PBXTargetDependency section */
		A67E00662FEF8082006AE87C /* PBXTargetDependency */ = {
			isa = PBXTargetDependency;
			target = 02813c7c8c4f4265813ecb90 /* Pointer AR */;
			targetProxy = A67E00652FEF8082006AE87C /* PBXContainerItemProxy */;
		};
/* End PBXTargetDependency section */

/* Begin XCBuildConfiguration section */
		213c1ef7f684452c84478b50 /* Release */ = {
			isa = XCBuildConfiguration;
			buildSettings = {
				ASSETCATALOG_COMPILER_APPICON_NAME = "Pointer AR";
				ASSETCATALOG_COMPILER_GLOBAL_ACCENT_COLOR_NAME = AccentColor;
				CODE_SIGN_STYLE = Automatic;
				CURRENT_PROJECT_VERSION = 1;
				DEVELOPMENT_TEAM = 7294Y62396;
				ENABLE_PREVIEWS = NO;
				"EXCLUDED_SOURCE_FILE_NAMES[arch=*]" = "bg-*.jpg";
				GENERATE_INFOPLIST_FILE = YES;
				INFOPLIST_KEY_CFBundleDisplayName = "Pointer AR";
				INFOPLIST_KEY_LSApplicationCategoryType = "public.app-category.navigation";
				INFOPLIST_KEY_NSCameraUsageDescription = "Pointer AR shows the camera behind the arrow so you can see the scene you are pointing through.";
				INFOPLIST_KEY_NSLocationWhenInUseUsageDescription = "Pointer AR uses your location to compute directions toward the selected ground or sky target.";
				INFOPLIST_KEY_UIApplicationSceneManifest_Generation = YES;
				INFOPLIST_KEY_UILaunchScreen_BackgroundColor = LaunchBackground;
				INFOPLIST_KEY_UILaunchScreen_Generation = YES;
				INFOPLIST_KEY_UISupportedInterfaceOrientations_iPad = "UIInterfaceOrientationPortrait UIInterfaceOrientationPortraitUpsideDown UIInterfaceOrientationLandscapeLeft UIInterfaceOrientationLandscapeRight";
				INFOPLIST_KEY_UISupportedInterfaceOrientations_iPhone = "UIInterfaceOrientationPortrait UIInterfaceOrientationPortraitUpsideDown UIInterfaceOrientationLandscapeLeft UIInterfaceOrientationLandscapeRight";
				LD_RUNPATH_SEARCH_PATHS = (
					"$(inherited)",
					"@executable_path/Frameworks",
				);
				MARKETING_VERSION = 1.0;
				PRODUCT_BUNDLE_IDENTIFIER = "com.jplummer.pointer-ar";
				PRODUCT_NAME = "$(TARGET_NAME)";
				SWIFT_EMIT_LOC_STRINGS = YES;
				SWIFT_STRICT_CONCURRENCY = minimal;
				SWIFT_VERSION = 5.0;
				TARGETED_DEVICE_FAMILY = "1,2";
			};
			name = Release;
		};
		7f6af7fd64ae4d27abc44198 /* Debug */ = {
			isa = XCBuildConfiguration;
			buildSettings = {
				ALWAYS_SEARCH_USER_PATHS = NO;
				ASSETCATALOG_COMPILER_GENERATE_SWIFT_ASSET_SYMBOL_EXTENSIONS = YES;
				CLANG_ANALYZER_NONNULL = YES;
				CLANG_ANALYZER_NUMBER_OBJECT_CONVERSION = YES_AGGRESSIVE;
				CLANG_CXX_LANGUAGE_STANDARD = "gnu++20";
				CLANG_ENABLE_MODULES = YES;
				CLANG_ENABLE_OBJC_ARC = YES;
				CLANG_ENABLE_OBJC_WEAK = YES;
				CLANG_WARN_BLOCK_CAPTURE_AUTORELEASING = YES;
				CLANG_WARN_BOOL_CONVERSION = YES;
				CLANG_WARN_COMMA = YES;
				CLANG_WARN_CONSTANT_CONVERSION = YES;
				CLANG_WARN_DEPRECATED_OBJC_IMPLEMENTATIONS = YES;
				CLANG_WARN_DIRECT_OBJC_ISA_USAGE = YES_ERROR;
				CLANG_WARN_DOCUMENTATION_COMMENTS = YES;
				CLANG_WARN_EMPTY_BODY = YES;
				CLANG_WARN_ENUM_CONVERSION = YES;
				CLANG_WARN_INFINITE_RECURSION = YES;
				CLANG_WARN_INT_CONVERSION = YES;
				CLANG_WARN_NON_LITERAL_NULL_CONVERSION = YES;
				CLANG_WARN_OBJC_IMPLICIT_RETAIN_SELF = YES;
				CLANG_WARN_OBJC_LITERAL_CONVERSION = YES;
				CLANG_WARN_OBJC_ROOT_CLASS = YES_ERROR;
				CLANG_WARN_QUOTED_INCLUDE_IN_FRAMEWORK_HEADER = YES;
				CLANG_WARN_RANGE_LOOP_ANALYSIS = YES;
				CLANG_WARN_STRICT_PROTOTYPES = YES;
				CLANG_WARN_SUSPICIOUS_MOVE = YES;
				CLANG_WARN_UNGUARDED_AVAILABILITY = YES_AGGRESSIVE;
				CLANG_WARN_UNREACHABLE_CODE = YES;
				CLANG_WARN__DUPLICATE_METHOD_MATCH = YES;
				COPY_PHASE_STRIP = NO;
				DEBUG_INFORMATION_FORMAT = dwarf;
				DEVELOPMENT_TEAM = 7294Y62396;
				ENABLE_STRICT_OBJC_MSGSEND = YES;
				ENABLE_TESTABILITY = YES;
				ENABLE_USER_SCRIPT_SANDBOXING = YES;
				GCC_C_LANGUAGE_STANDARD = gnu17;
				GCC_DYNAMIC_NO_PIC = NO;
				GCC_NO_COMMON_BLOCKS = YES;
				GCC_OPTIMIZATION_LEVEL = 0;
				GCC_PREPROCESSOR_DEFINITIONS = (
					"DEBUG=1",
					"$(inherited)",
				);
				GCC_WARN_64_TO_32_BIT_CONVERSION = YES;
				GCC_WARN_ABOUT_RETURN_TYPE = YES_ERROR;
				GCC_WARN_UNDECLARED_SELECTOR = YES;
				GCC_WARN_UNINITIALIZED_AUTOS = YES_AGGRESSIVE;
				GCC_WARN_UNUSED_FUNCTION = YES;
				GCC_WARN_UNUSED_VARIABLE = YES;
				IPHONEOS_DEPLOYMENT_TARGET = 17.0;
				LOCALIZATION_PREFERS_STRING_CATALOGS = YES;
				MTL_ENABLE_DEBUG_INFO = INCLUDE_SOURCE;
				MTL_FAST_MATH = YES;
				ONLY_ACTIVE_ARCH = YES;
				SDKROOT = iphoneos;
				STRING_CATALOG_GENERATE_SYMBOLS = YES;
				SWIFT_ACTIVE_COMPILATION_CONDITIONS = "DEBUG $(inherited)";
				SWIFT_OPTIMIZATION_LEVEL = "-Onone";
			};
			name = Debug;
		};
		A67E00672FEF8082006AE87C /* Debug */ = {
			isa = XCBuildConfiguration;
			buildSettings = {
				CODE_SIGN_STYLE = Automatic;
				CURRENT_PROJECT_VERSION = 1;
				DEVELOPMENT_TEAM = 7294Y62396;
				GENERATE_INFOPLIST_FILE = YES;
				IPHONEOS_DEPLOYMENT_TARGET = 17.0;
				MARKETING_VERSION = 1.0;
				PRODUCT_BUNDLE_IDENTIFIER = com.jonplummer.PointerARScreenshotTests;
				PRODUCT_NAME = "$(TARGET_NAME)";
				STRING_CATALOG_GENERATE_SYMBOLS = NO;
				SWIFT_APPROACHABLE_CONCURRENCY = YES;
				SWIFT_EMIT_LOC_STRINGS = NO;
				SWIFT_UPCOMING_FEATURE_MEMBER_IMPORT_VISIBILITY = YES;
				SWIFT_VERSION = 5.0;
				TARGETED_DEVICE_FAMILY = "1,2";
				TEST_TARGET_NAME = "Pointer AR";
			};
			name = Debug;
		};
		A67E00682FEF8082006AE87C /* Release */ = {
			isa = XCBuildConfiguration;
			buildSettings = {
				CODE_SIGN_STYLE = Automatic;
				CURRENT_PROJECT_VERSION = 1;
				DEVELOPMENT_TEAM = 7294Y62396;
				GENERATE_INFOPLIST_FILE = YES;
				IPHONEOS_DEPLOYMENT_TARGET = 17.0;
				MARKETING_VERSION = 1.0;
				PRODUCT_BUNDLE_IDENTIFIER = com.jonplummer.PointerARScreenshotTests;
				PRODUCT_NAME = "$(TARGET_NAME)";
				STRING_CATALOG_GENERATE_SYMBOLS = NO;
				SWIFT_APPROACHABLE_CONCURRENCY = YES;
				SWIFT_EMIT_LOC_STRINGS = NO;
				SWIFT_UPCOMING_FEATURE_MEMBER_IMPORT_VISIBILITY = YES;
				SWIFT_VERSION = 5.0;
				TARGETED_DEVICE_FAMILY = "1,2";
				TEST_TARGET_NAME = "Pointer AR";
			};
			name = Release;
		};
		a1c50ec8dbb34eec831da115 /* Debug */ = {
			isa = XCBuildConfiguration;
			buildSettings = {
				ASSETCATALOG_COMPILER_APPICON_NAME = "Pointer AR";
				ASSETCATALOG_COMPILER_GLOBAL_ACCENT_COLOR_NAME = AccentColor;
				CODE_SIGN_STYLE = Automatic;
				CURRENT_PROJECT_VERSION = 1;
				DEVELOPMENT_TEAM = 7294Y62396;
				ENABLE_PREVIEWS = NO;
				GENERATE_INFOPLIST_FILE = YES;
				INFOPLIST_KEY_CFBundleDisplayName = "Pointer AR";
				INFOPLIST_KEY_LSApplicationCategoryType = "public.app-category.navigation";
				INFOPLIST_KEY_NSCameraUsageDescription = "Pointer AR shows the camera behind the arrow so you can see the scene you are pointing through.";
				INFOPLIST_KEY_NSLocationWhenInUseUsageDescription = "Pointer AR uses your location to compute directions toward the selected ground or sky target.";
				INFOPLIST_KEY_UIApplicationSceneManifest_Generation = YES;
				INFOPLIST_KEY_UILaunchScreen_BackgroundColor = LaunchBackground;
				INFOPLIST_KEY_UILaunchScreen_Generation = YES;
				INFOPLIST_KEY_UISupportedInterfaceOrientations_iPad = "UIInterfaceOrientationPortrait UIInterfaceOrientationPortraitUpsideDown UIInterfaceOrientationLandscapeLeft UIInterfaceOrientationLandscapeRight";
				INFOPLIST_KEY_UISupportedInterfaceOrientations_iPhone = "UIInterfaceOrientationPortrait UIInterfaceOrientationPortraitUpsideDown UIInterfaceOrientationLandscapeLeft UIInterfaceOrientationLandscapeRight";
				LD_RUNPATH_SEARCH_PATHS = (
					"$(inherited)",
					"@executable_path/Frameworks",
				);
				MARKETING_VERSION = 1.0;
				PRODUCT_BUNDLE_IDENTIFIER = "com.jplummer.pointer-ar";
				PRODUCT_NAME = "$(TARGET_NAME)";
				SWIFT_EMIT_LOC_STRINGS = YES;
				SWIFT_STRICT_CONCURRENCY = minimal;
				SWIFT_VERSION = 5.0;
				TARGETED_DEVICE_FAMILY = "1,2";
			};
			name = Debug;
		};
		e151b3a051b24f99b9e7c2b1 /* Release */ = {
			isa = XCBuildConfiguration;
			buildSettings = {
				ALWAYS_SEARCH_USER_PATHS = NO;
				ASSETCATALOG_COMPILER_GENERATE_SWIFT_ASSET_SYMBOL_EXTENSIONS = YES;
				CLANG_ANALYZER_NONNULL = YES;
				CLANG_ANALYZER_NUMBER_OBJECT_CONVERSION = YES_AGGRESSIVE;
				CLANG_CXX_LANGUAGE_STANDARD = "gnu++20";
				CLANG_ENABLE_MODULES = YES;
				CLANG_ENABLE_OBJC_ARC = YES;
				CLANG_ENABLE_OBJC_WEAK = YES;
				CLANG_WARN_BLOCK_CAPTURE_AUTORELEASING = YES;
				CLANG_WARN_BOOL_CONVERSION = YES;
				CLANG_WARN_COMMA = YES;
				CLANG_WARN_CONSTANT_CONVERSION = YES;
				CLANG_WARN_DEPRECATED_OBJC_IMPLEMENTATIONS = YES;
				CLANG_WARN_DIRECT_OBJC_ISA_USAGE = YES_ERROR;
				CLANG_WARN_DOCUMENTATION_COMMENTS = YES;
				CLANG_WARN_EMPTY_BODY = YES;
				CLANG_WARN_ENUM_CONVERSION = YES;
				CLANG_WARN_INFINITE_RECURSION = YES;
				CLANG_WARN_INT_CONVERSION = YES;
				CLANG_WARN_NON_LITERAL_NULL_CONVERSION = YES;
				CLANG_WARN_OBJC_IMPLICIT_RETAIN_SELF = YES;
				CLANG_WARN_OBJC_LITERAL_CONVERSION = YES;
				CLANG_WARN_OBJC_ROOT_CLASS = YES_ERROR;
				CLANG_WARN_QUOTED_INCLUDE_IN_FRAMEWORK_HEADER = YES;
				CLANG_WARN_RANGE_LOOP_ANALYSIS = YES;
				CLANG_WARN_STRICT_PROTOTYPES = YES;
				CLANG_WARN_SUSPICIOUS_MOVE = YES;
				CLANG_WARN_UNGUARDED_AVAILABILITY = YES_AGGRESSIVE;
				CLANG_WARN_UNREACHABLE_CODE = YES;
				CLANG_WARN__DUPLICATE_METHOD_MATCH = YES;
				COPY_PHASE_STRIP = NO;
				DEBUG_INFORMATION_FORMAT = "dwarf-with-dsym";
				DEVELOPMENT_TEAM = 7294Y62396;
				ENABLE_NS_ASSERTIONS = NO;
				ENABLE_STRICT_OBJC_MSGSEND = YES;
				ENABLE_USER_SCRIPT_SANDBOXING = YES;
				GCC_C_LANGUAGE_STANDARD = gnu17;
				GCC_NO_COMMON_BLOCKS = YES;
				GCC_WARN_64_TO_32_BIT_CONVERSION = YES;
				GCC_WARN_ABOUT_RETURN_TYPE = YES_ERROR;
				GCC_WARN_UNDECLARED_SELECTOR = YES;
				GCC_WARN_UNINITIALIZED_AUTOS = YES_AGGRESSIVE;
				GCC_WARN_UNUSED_FUNCTION = YES;
				GCC_WARN_UNUSED_VARIABLE = YES;
				IPHONEOS_DEPLOYMENT_TARGET = 17.0;
				LOCALIZATION_PREFERS_STRING_CATALOGS = YES;
				MTL_ENABLE_DEBUG_INFO = NO;
				MTL_FAST_MATH = YES;
				SDKROOT = iphoneos;
				STRING_CATALOG_GENERATE_SYMBOLS = YES;
				SWIFT_COMPILATION_MODE = wholemodule;
				VALIDATE_PRODUCT = YES;
			};
			name = Release;
		};
/* End XCBuildConfiguration section */

/* Begin XCConfigurationList section */
		926dad36912d4e39bc0207d5 /* Build configuration list for PBXNativeTarget "Pointer AR" */ = {
			isa = XCConfigurationList;
			buildConfigurations = (
				a1c50ec8dbb34eec831da115 /* Debug */,
				213c1ef7f684452c84478b50 /* Release */,
			);
			defaultConfigurationIsVisible = 0;
			defaultConfigurationName = Release;
		};
		A67E00692FEF8082006AE87C /* Build configuration list for PBXNativeTarget "PointerARScreenshotTests" */ = {
			isa = XCConfigurationList;
			buildConfigurations = (
				A67E00672FEF8082006AE87C /* Debug */,
				A67E00682FEF8082006AE87C /* Release */,
			);
			defaultConfigurationIsVisible = 0;
			defaultConfigurationName = Release;
		};
		d9f9c5eeec22473eb3c2a990 /* Build configuration list for PBXProject "Pointer AR" */ = {
			isa = XCConfigurationList;
			buildConfigurations = (
				7f6af7fd64ae4d27abc44198 /* Debug */,
				e151b3a051b24f99b9e7c2b1 /* Release */,
			);
			defaultConfigurationIsVisible = 0;
			defaultConfigurationName = Release;
		};
/* End XCConfigurationList section */
	};
	rootObject = 724471a7ac164aee9fce8376 /* Project object */;
}
